
Microsoft Visual Studio Solution File, Format Version 12.00
# Visual Studio Version 17
VisualStudioVersion = 17.9.34728.123
MinimumVisualStudioVersion = 10.0.40219.1
Project("{FAE04EC0-301F-11D3-BF4B-00C04F79EFBC}") = "OrganicProductPortal", "OrganicProductPortal\OrganicProductPortal.csproj", "{3A9B7958-10BC-4025-B72E-01D52029F152}"
EndProject
Global
	GlobalSection(SolutionConfigurationPlatforms) = preSolution
		Debug|Any CPU = Debug|Any CPU
		Release|Any CPU = Release|Any CPU
	EndGlobalSection
	GlobalSection(ProjectConfigurationPlatforms) = postSolution
		{3A9B7958-10BC-4025-B72E-01D52029F152}.Debug|Any CPU.ActiveCfg = Debug|Any CPU
		{3A9B7958-10BC-4025-B72E-01D52029F152}.Debug|Any CPU.Build.0 = Debug|Any CPU
		{3A9B7958-10BC-4025-B72E-01D52029F152}.Release|Any CPU.ActiveCfg = Release|Any CPU
		{3A9B7958-10BC-4025-B72E-01D52029F152}.Release|Any CPU.Build.0 = Release|Any CPU
	EndGlobalSection
	GlobalSection(SolutionProperties) = preSolution
		HideSolutionNode = FALSE
	EndGlobalSection
	GlobalSection(ExtensibilityGlobals) = postSolution
		SolutionGuid = {A26C88C3-BA82-42D4-8A91-A8C69E8F74A7}
	EndGlobalSection
EndGlobal
